
Microsoft Visual Studio Solution File, Format Version 12.00
# Visual Studio Version 17
VisualStudioVersion = 17.3.32825.248
MinimumVisualStudioVersion = 10.0.40219.1
Project("{9A19103F-16F7-4668-BE54-9A1E7A4F7556}") = "SharpGaming", "SharpGaming\SharpGaming.csproj", "{D7EC5601-6253-4345-B02B-D31D9766B788}"
EndProject
Project("{9A19103F-16F7-4668-BE54-9A1E7A4F7556}") = "SharpGamingAPI", "SharpGamingAPI\SharpGamingAPI.csproj", "{C8B885D2-6F31-4F91-909E-80F953A4D795}"
EndProject
Global
	GlobalSection(SolutionConfigurationPlatforms) = preSolution
		Debug|Any CPU = Debug|Any CPU
		Release|Any CPU = Release|Any CPU
	EndGlobalSection
	GlobalSection(ProjectConfigurationPlatforms) = postSolution
		{D7EC5601-6253-4345-B02B-D31D9766B788}.Debug|Any CPU.ActiveCfg = Debug|Any CPU
		{D7EC5601-6253-4345-B02B-D31D9766B788}.Debug|Any CPU.Build.0 = Debug|Any CPU
		{D7EC5601-6253-4345-B02B-D31D9766B788}.Release|Any CPU.ActiveCfg = Release|Any CPU
		{D7EC5601-6253-4345-B02B-D31D9766B788}.Release|Any CPU.Build.0 = Release|Any CPU
		{C8B885D2-6F31-4F91-909E-80F953A4D795}.Debug|Any CPU.ActiveCfg = Debug|Any CPU
		{C8B885D2-6F31-4F91-909E-80F953A4D795}.Debug|Any CPU.Build.0 = Debug|Any CPU
		{C8B885D2-6F31-4F91-909E-80F953A4D795}.Release|Any CPU.ActiveCfg = Release|Any CPU
		{C8B885D2-6F31-4F91-909E-80F953A4D795}.Release|Any CPU.Build.0 = Release|Any CPU
	EndGlobalSection
	GlobalSection(SolutionProperties) = preSolution
		HideSolutionNode = FALSE
	EndGlobalSection
	GlobalSection(ExtensibilityGlobals) = postSolution
		SolutionGuid = {05008506-69F7-467B-AB77-9142A3675B74}
	EndGlobalSection
EndGlobal
